// !$*UTF8*$!
{
	archiveVersion = 1;
	classes = {
	};
	objectVersion = 56;
	objects = {

/* Begin PBXBuildFile section */
		6D1D1D242AB06E7600C156AD /* STCSdkProjectApp.swift in Sources */ = {isa = PBXBuildFile; fileRef = 6D1D1D232AB06E7600C156AD /* STCSdkProjectApp.swift */; };
		6D1D1D262AB06E7600C156AD /* ContentView.swift in Sources */ = {isa = PBXBuildFile; fileRef = 6D1D1D252AB06E7600C156AD /* ContentView.swift */; };
		6D1D1D282AB06E7700C156AD /* Assets.xcassets in Resources */ = {isa = PBXBuildFile; fileRef = 6D1D1D272AB06E7700C156AD /* Assets.xcassets */; };
		6D1D1D2B2AB06E7700C156AD /* Preview Assets.xcassets in Resources */ = {isa = PBXBuildFile; fileRef = 6D1D1D2A2AB06E7700C156AD /* Preview Assets.xcassets */; };
		6D1D1D352AB06E7700C156AD /* STCSdkProjectTests.swift in Sources */ = {isa = PBXBuildFile; fileRef = 6D1D1D342AB06E7700C156AD /* STCSdkProjectTests.swift */; };
		6D1D1D3F2AB06E7700C156AD /* STCSdkProjectUITests.swift in Sources */ = {isa = PBXBuildFile; fileRef = 6D1D1D3E2AB06E7700C156AD /* STCSdkProjectUITests.swift */; };
		6D1D1D412AB06E7700C156AD /* STCSdkProjectUITestsLaunchTests.swift in Sources */ = {isa = PBXBuildFile; fileRef = 6D1D1D402AB06E7700C156AD /* STCSdkProjectUITestsLaunchTests.swift */; };
		6DBE1ACB2AB9BCC6005417F0 /* STCCheckoutSDK in Frameworks */ = {isa = PBXBuildFile; productRef = 6DBE1ACA2AB9BCC6005417F0 /* STCCheckoutSDK */; };
/* End PBXBuildFile section */

/* Begin PBXContainerItemProxy section */
		6D1D1D312AB06E7700C156AD /* PBXContainerItemProxy */ = {
			isa = PBXContainerItemProxy;
			containerPortal = 6D1D1D182AB06E7600C156AD /* Project object */;
			proxyType = 1;
			remoteGlobalIDString = 6D1D1D1F2AB06E7600C156AD;
			remoteInfo = STCSdkProject;
		};
		6D1D1D3B2AB06E7700C156AD /* PBXContainerItemProxy */ = {
			isa = PBXContainerItemProxy;
			containerPortal = 6D1D1D182AB06E7600C156AD /* Project object */;
			proxyType = 1;
			remoteGlobalIDString = 6D1D1D1F2AB06E7600C156AD;
			remoteInfo = STCSdkProject;
		};
/* End PBXContainerItemProxy section */

/* Begin PBXFileReference section */
		6D1D1D202AB06E7600C156AD /* STCSdkProject.app */ = {isa = PBXFileReference; explicitFileType = wrapper.application; includeInIndex = 0; path = STCSdkProject.app; sourceTree = BUILT_PRODUCTS_DIR; };
		6D1D1D232AB06E7600C156AD /* STCSdkProjectApp.swift */ = {isa = PBXFileReference; lastKnownFileType = sourcecode.swift; path = STCSdkProjectApp.swift; sourceTree = "<group>"; };
		6D1D1D252AB06E7600C156AD /* ContentView.swift */ = {isa = PBXFileReference; lastKnownFileType = sourcecode.swift; path = ContentView.swift; sourceTree = "<group>"; };
		6D1D1D272AB06E7700C156AD /* Assets.xcassets */ = {isa = PBXFileReference; lastKnownFileType = folder.assetcatalog; path = Assets.xcassets; sourceTree = "<group>"; };
		6D1D1D2A2AB06E7700C156AD /* Preview Assets.xcassets */ = {isa = PBXFileReference; lastKnownFileType = folder.assetcatalog; path = "Preview Assets.xcassets"; sourceTree = "<group>"; };
		6D1D1D302AB06E7700C156AD /* STCSdkProjectTests.xctest */ = {isa = PBXFileReference; explicitFileType = wrapper.cfbundle; includeInIndex = 0; path = STCSdkProjectTests.xctest; sourceTree = BUILT_PRODUCTS_DIR; };
		6D1D1D342AB06E7700C156AD /* STCSdkProjectTests.swift */ = {isa = PBXFileReference; lastKnownFileType = sourcecode.swift; path = STCSdkProjectTests.swift; sourceTree = "<group>"; };
		6D1D1D3A2AB06E7700C156AD /* STCSdkProjectUITests.xctest */ = {isa = PBXFileReference; explicitFileType = wrapper.cfbundle; includeInIndex = 0; path = STCSdkProjectUITests.xctest; sourceTree = BUILT_PRODUCTS_DIR; };
		6D1D1D3E2AB06E7700C156AD /* STCSdkProjectUITests.swift */ = {isa = PBXFileReference; lastKnownFileType = sourcecode.swift; path = STCSdkProjectUITests.swift; sourceTree = "<group>"; };
		6D1D1D402AB06E7700C156AD /* STCSdkProjectUITestsLaunchTests.swift */ = {isa = PBXFileReference; lastKnownFileType = sourcecode.swift; path = STCSdkProjectUITestsLaunchTests.swift; sourceTree = "<group>"; };
		6D1D1D632AB0894000C156AD /* Info.plist */ = {isa = PBXFileReference; lastKnownFileType = text.plist; path = Info.plist; sourceTree = "<group>"; };
		6DBE1AC92AB9B8EE005417F0 /* STCCheckoutSDK */ = {isa = PBXFileReference; lastKnownFileType = wrapper; name = STCCheckoutSDK; path = ../..; sourceTree = "<group>"; };
/* End PBXFileReference section */

/* Begin PBXFrameworksBuildPhase section */
		6D1D1D1D2AB06E7600C156AD /* Frameworks */ = {
			isa = PBXFrameworksBuildPhase;
			buildActionMask = 2147483647;
			files = (
				6DBE1ACB2AB9BCC6005417F0 /* STCCheckoutSDK in Frameworks */,
			);
			runOnlyForDeploymentPostprocessing = 0;
		};
		6D1D1D2D2AB06E7700C156AD /* Frameworks */ = {
			isa = PBXFrameworksBuildPhase;
			buildActionMask = 2147483647;
			files = (
			);
			runOnlyForDeploymentPostprocessing = 0;
		};
		6D1D1D372AB06E7700C156AD /* Frameworks */ = {
			isa = PBXFrameworksBuildPhase;
			buildActionMask = 2147483647;
			files = (
			);
			runOnlyForDeploymentPostprocessing = 0;
		};
/* End PBXFrameworksBuildPhase section */

/* Begin PBXGroup section */
		6D1D1D172AB06E7600C156AD = {
			isa = PBXGroup;
			children = (
				6D1D1D642AB0911200C156AD /* Packages */,
				6D1D1D222AB06E7600C156AD /* STCSdkProject */,
				6D1D1D332AB06E7700C156AD /* STCSdkProjectTests */,
				6D1D1D3D2AB06E7700C156AD /* STCSdkProjectUITests */,
				6D1D1D212AB06E7600C156AD /* Products */,
				6D1D1D602AB0871F00C156AD /* Frameworks */,
			);
			sourceTree = "<group>";
		};
		6D1D1D212AB06E7600C156AD /* Products */ = {
			isa = PBXGroup;
			children = (
				6D1D1D202AB06E7600C156AD /* STCSdkProject.app */,
				6D1D1D302AB06E7700C156AD /* STCSdkProjectTests.xctest */,
				6D1D1D3A2AB06E7700C156AD /* STCSdkProjectUITests.xctest */,
			);
			name = Products;
			sourceTree = "<group>";
		};
		6D1D1D222AB06E7600C156AD /* STCSdkProject */ = {
			isa = PBXGroup;
			children = (
				6D1D1D632AB0894000C156AD /* Info.plist */,
				6D1D1D232AB06E7600C156AD /* STCSdkProjectApp.swift */,
				6D1D1D252AB06E7600C156AD /* ContentView.swift */,
				6D1D1D272AB06E7700C156AD /* Assets.xcassets */,
				6D1D1D292AB06E7700C156AD /* Preview Content */,
			);
			path = STCSdkProject;
			sourceTree = "<group>";
		};
		6D1D1D292AB06E7700C156AD /* Preview Content */ = {
			isa = PBXGroup;
			children = (
				6D1D1D2A2AB06E7700C156AD /* Preview Assets.xcassets */,
			);
			path = "Preview Content";
			sourceTree = "<group>";
		};
		6D1D1D332AB06E7700C156AD /* STCSdkProjectTests */ = {
			isa = PBXGroup;
			children = (
				6D1D1D342AB06E7700C156AD /* STCSdkProjectTests.swift */,
			);
			path = STCSdkProjectTests;
			sourceTree = "<group>";
		};
		6D1D1D3D2AB06E7700C156AD /* STCSdkProjectUITests */ = {
			isa = PBXGroup;
			children = (
				6D1D1D3E2AB06E7700C156AD /* STCSdkProjectUITests.swift */,
				6D1D1D402AB06E7700C156AD /* STCSdkProjectUITestsLaunchTests.swift */,
			);
			path = STCSdkProjectUITests;
			sourceTree = "<group>";
		};
		6D1D1D602AB0871F00C156AD /* Frameworks */ = {
			isa = PBXGroup;
			children = (
			);
			name = Frameworks;
			sourceTree = "<group>";
		};
		6D1D1D642AB0911200C156AD /* Packages */ = {
			isa = PBXGroup;
			children = (
				6DBE1AC92AB9B8EE005417F0 /* STCCheckoutSDK */,
			);
			name = Packages;
			sourceTree = "<group>";
		};
/* End PBXGroup section */

/* Begin PBXNativeTarget section */
		6D1D1D1F2AB06E7600C156AD /* STCSdkProject */ = {
			isa = PBXNativeTarget;
			buildConfigurationList = 6D1D1D442AB06E7700C156AD /* Build configuration list for PBXNativeTarget "STCSdkProject" */;
			buildPhases = (
				6D1D1D1C2AB06E7600C156AD /* Sources */,
				6D1D1D1D2AB06E7600C156AD /* Frameworks */,
				6D1D1D1E2AB06E7600C156AD /* Resources */,
			);
			buildRules = (
			);
			dependencies = (
			);
			name = STCSdkProject;
			packageProductDependencies = (
				6DBE1ACA2AB9BCC6005417F0 /* STCCheckoutSDK */,
			);
			productName = STCSdkProject;
			productReference = 6D1D1D202AB06E7600C156AD /* STCSdkProject.app */;
			productType = "com.apple.product-type.application";
		};
		6D1D1D2F2AB06E7700C156AD /* STCSdkProjectTests */ = {
			isa = PBXNativeTarget;
			buildConfigurationList = 6D1D1D472AB06E7700C156AD /* Build configuration list for PBXNativeTarget "STCSdkProjectTests" */;
			buildPhases = (
				6D1D1D2C2AB06E7700C156AD /* Sources */,
				6D1D1D2D2AB06E7700C156AD /* Frameworks */,
				6D1D1D2E2AB06E7700C156AD /* Resources */,
			);
			buildRules = (
			);
			dependencies = (
				6D1D1D322AB06E7700C156AD /* PBXTargetDependency */,
			);
			name = STCSdkProjectTests;
			productName = STCSdkProjectTests;
			productReference = 6D1D1D302AB06E7700C156AD /* STCSdkProjectTests.xctest */;
			productType = "com.apple.product-type.bundle.unit-test";
		};
		6D1D1D392AB06E7700C156AD /* STCSdkProjectUITests */ = {
			isa = PBXNativeTarget;
			buildConfigurationList = 6D1D1D4A2AB06E7700C156AD /* Build configuration list for PBXNativeTarget "STCSdkProjectUITests" */;
			buildPhases = (
				6D1D1D362AB06E7700C156AD /* Sources */,
				6D1D1D372AB06E7700C156AD /* Frameworks */,
				6D1D1D382AB06E7700C156AD /* Resources */,
			);
			buildRules = (
			);
			dependencies = (
				6D1D1D3C2AB06E7700C156AD /* PBXTargetDependency */,
			);
			name = STCSdkProjectUITests;
			productName = STCSdkProjectUITests;
			productReference = 6D1D1D3A2AB06E7700C156AD /* STCSdkProjectUITests.xctest */;
			productType = "com.apple.product-type.bundle.ui-testing";
		};
/* End PBXNativeTarget section */

/* Begin PBXProject section */
		6D1D1D182AB06E7600C156AD /* Project object */ = {
			isa = PBXProject;
			attributes = {
				BuildIndependentTargetsInParallel = 1;
				LastSwiftUpdateCheck = 1430;
				LastUpgradeCheck = 1430;
				TargetAttributes = {
					6D1D1D1F2AB06E7600C156AD = {
						CreatedOnToolsVersion = 14.3;
					};
					6D1D1D2F2AB06E7700C156AD = {
						CreatedOnToolsVersion = 14.3;
						TestTargetID = 6D1D1D1F2AB06E7600C156AD;
					};
					6D1D1D392AB06E7700C156AD = {
						CreatedOnToolsVersion = 14.3;
						TestTargetID = 6D1D1D1F2AB06E7600C156AD;
					};
				};
			};
			buildConfigurationList = 6D1D1D1B2AB06E7600C156AD /* Build configuration list for PBXProject "STCSdkProject" */;
			compatibilityVersion = "Xcode 14.0";
			developmentRegion = en;
			hasScannedForEncodings = 0;
			knownRegions = (
				en,
				Base,
			);
			mainGroup = 6D1D1D172AB06E7600C156AD;
			productRefGroup = 6D1D1D212AB06E7600C156AD /* Products */;
			projectDirPath = "";
			projectRoot = "";
			targets = (
				6D1D1D1F2AB06E7600C156AD /* STCSdkProject */,
				6D1D1D2F2AB06E7700C156AD /* STCSdkProjectTests */,
				6D1D1D392AB06E7700C156AD /* STCSdkProjectUITests */,
			);
		};
/* End PBXProject section */

/* Begin PBXResourcesBuildPhase section */
		6D1D1D1E2AB06E7600C156AD /* Resources */ = {
			isa = PBXResourcesBuildPhase;
			buildActionMask = 2147483647;
			files = (
				6D1D1D2B2AB06E7700C156AD /* Preview Assets.xcassets in Resources */,
				6D1D1D282AB06E7700C156AD /* Assets.xcassets in Resources */,
			);
			runOnlyForDeploymentPostprocessing = 0;
		};
		6D1D1D2E2AB06E7700C156AD /* Resources */ = {
			isa = PBXResourcesBuildPhase;
			buildActionMask = 2147483647;
			files = (
			);
			runOnlyForDeploymentPostprocessing = 0;
		};
		6D1D1D382AB06E7700C156AD /* Resources */ = {
			isa = PBXResourcesBuildPhase;
			buildActionMask = 2147483647;
			files = (
			);
			runOnlyForDeploymentPostprocessing = 0;
		};
/* End PBXResourcesBuildPhase section */

/* Begin PBXSourcesBuildPhase section */
		6D1D1D1C2AB06E7600C156AD /* Sources */ = {
			isa = PBXSourcesBuildPhase;
			buildActionMask = 2147483647;
			files = (
				6D1D1D262AB06E7600C156AD /* ContentView.swift in Sources */,
				6D1D1D242AB06E7600C156AD /* STCSdkProjectApp.swift in Sources */,
			);
			runOnlyForDeploymentPostprocessing = 0;
		};
		6D1D1D2C2AB06E7700C156AD /* Sources */ = {
			isa = PBXSourcesBuildPhase;
			buildActionMask = 2147483647;
			files = (
				6D1D1D352AB06E7700C156AD /* STCSdkProjectTests.swift in Sources */,
			);
			runOnlyForDeploymentPostprocessing = 0;
		};
		6D1D1D362AB06E7700C156AD /* Sources */ = {
			isa = PBXSourcesBuildPhase;
			buildActionMask = 2147483647;
			files = (
				6D1D1D412AB06E7700C156AD /* STCSdkProjectUITestsLaunchTests.swift in Sources */,
				6D1D1D3F2AB06E7700C156AD /* STCSdkProjectUITests.swift in Sources */,
			);
			runOnlyForDeploymentPostprocessing = 0;
		};
/* End PBXSourcesBuildPhase section */

/* Begin PBXTargetDependency section */
		6D1D1D322AB06E7700C156AD /* PBXTargetDependency */ = {
			isa = PBXTargetDependency;
			target = 6D1D1D1F2AB06E7600C156AD /* STCSdkProject */;
			targetProxy = 6D1D1D312AB06E7700C156AD /* PBXContainerItemProxy */;
		};
		6D1D1D3C2AB06E7700C156AD /* PBXTargetDependency */ = {
			isa = PBXTargetDependency;
			target = 6D1D1D1F2AB06E7600C156AD /* STCSdkProject */;
			targetProxy = 6D1D1D3B2AB06E7700C156AD /* PBXContainerItemProxy */;
		};
/* End PBXTargetDependency section */

/* Begin XCBuildConfiguration section */
		6D1D1D422AB06E7700C156AD /* Debug */ = {
			isa = XCBuildConfiguration;
			buildSettings = {
				ALWAYS_SEARCH_USER_PATHS = NO;
				CLANG_ANALYZER_NONNULL = YES;
				CLANG_ANALYZER_NUMBER_OBJECT_CONVERSION = YES_AGGRESSIVE;
				CLANG_CXX_LANGUAGE_STANDARD = "gnu++20";
				CLANG_ENABLE_MODULES = YES;
				CLANG_ENABLE_OBJC_ARC = YES;
				CLANG_ENABLE_OBJC_WEAK = YES;
				CLANG_WARN_BLOCK_CAPTURE_AUTORELEASING = YES;
				CLANG_WARN_BOOL_CONVERSION = YES;
				CLANG_WARN_COMMA = YES;
				CLANG_WARN_CONSTANT_CONVERSION = YES;
				CLANG_WARN_DEPRECATED_OBJC_IMPLEMENTATIONS = YES;
				CLANG_WARN_DIRECT_OBJC_ISA_USAGE = YES_ERROR;
				CLANG_WARN_DOCUMENTATION_COMMENTS = YES;
				CLANG_WARN_EMPTY_BODY = YES;
				CLANG_WARN_ENUM_CONVERSION = YES;
				CLANG_WARN_INFINITE_RECURSION = YES;
				CLANG_WARN_INT_CONVERSION = YES;
				CLANG_WARN_NON_LITERAL_NULL_CONVERSION = YES;
				CLANG_WARN_OBJC_IMPLICIT_RETAIN_SELF = YES;
				CLANG_WARN_OBJC_LITERAL_CONVERSION = YES;
				CLANG_WARN_OBJC_ROOT_CLASS = YES_ERROR;
				CLANG_WARN_QUOTED_INCLUDE_IN_FRAMEWORK_HEADER = YES;
				CLANG_WARN_RANGE_LOOP_ANALYSIS = YES;
				CLANG_WARN_STRICT_PROTOTYPES = YES;
				CLANG_WARN_SUSPICIOUS_MOVE = YES;
				CLANG_WARN_UNGUARDED_AVAILABILITY = YES_AGGRESSIVE;
				CLANG_WARN_UNREACHABLE_CODE = YES;
				CLANG_WARN__DUPLICATE_METHOD_MATCH = YES;
				COPY_PHASE_STRIP = NO;
				DEBUG_INFORMATION_FORMAT = dwarf;
				ENABLE_STRICT_OBJC_MSGSEND = YES;
				ENABLE_TESTABILITY = YES;
				GCC_C_LANGUAGE_STANDARD = gnu11;
				GCC_DYNAMIC_NO_PIC = NO;
				GCC_NO_COMMON_BLOCKS = YES;
				GCC_OPTIMIZATION_LEVEL = 0;
				GCC_PREPROCESSOR_DEFINITIONS = (
					"DEBUG=1",
					"$(inherited)",
				);
				GCC_WARN_64_TO_32_BIT_CONVERSION = YES;
				GCC_WARN_ABOUT_RETURN_TYPE = YES_ERROR;
				GCC_WARN_UNDECLARED_SELECTOR = YES;
				GCC_WARN_UNINITIALIZED_AUTOS = YES_AGGRESSIVE;
				GCC_WARN_UNUSED_FUNCTION = YES;
				GCC_WARN_UNUSED_VARIABLE = YES;
				IPHONEOS_DEPLOYMENT_TARGET = 16.4;
				MTL_ENABLE_DEBUG_INFO = INCLUDE_SOURCE;
				MTL_FAST_MATH = YES;
				ONLY_ACTIVE_ARCH = YES;
				SDKROOT = iphoneos;
				SWIFT_ACTIVE_COMPILATION_CONDITIONS = DEBUG;
				SWIFT_OPTIMIZATION_LEVEL = "-Onone";
			};
			name = Debug;
		};
		6D1D1D432AB06E7700C156AD /* Release */ = {
			isa = XCBuildConfiguration;
			buildSettings = {
				ALWAYS_SEARCH_USER_PATHS = NO;
				CLANG_ANALYZER_NONNULL = YES;
				CLANG_ANALYZER_NUMBER_OBJECT_CONVERSION = YES_AGGRESSIVE;
				CLANG_CXX_LANGUAGE_STANDARD = "gnu++20";
				CLANG_ENABLE_MODULES = YES;
				CLANG_ENABLE_OBJC_ARC = YES;
				CLANG_ENABLE_OBJC_WEAK = YES;
				CLANG_WARN_BLOCK_CAPTURE_AUTORELEASING = YES;
				CLANG_WARN_BOOL_CONVERSION = YES;
				CLANG_WARN_COMMA = YES;
				CLANG_WARN_CONSTANT_CONVERSION = YES;
				CLANG_WARN_DEPRECATED_OBJC_IMPLEMENTATIONS = YES;
				CLANG_WARN_DIRECT_OBJC_ISA_USAGE = YES_ERROR;
				CLANG_WARN_DOCUMENTATION_COMMENTS = YES;
				CLANG_WARN_EMPTY_BODY = YES;
				CLANG_WARN_ENUM_CONVERSION = YES;
				CLANG_WARN_INFINITE_RECURSION = YES;
				CLANG_WARN_INT_CONVERSION = YES;
				CLANG_WARN_NON_LITERAL_NULL_CONVERSION = YES;
				CLANG_WARN_OBJC_IMPLICIT_RETAIN_SELF = YES;
				CLANG_WARN_OBJC_LITERAL_CONVERSION = YES;
				CLANG_WARN_OBJC_ROOT_CLASS = YES_ERROR;
				CLANG_WARN_QUOTED_INCLUDE_IN_FRAMEWORK_HEADER = YES;
				CLANG_WARN_RANGE_LOOP_ANALYSIS = YES;
				CLANG_WARN_STRICT_PROTOTYPES = YES;
				CLANG_WARN_SUSPICIOUS_MOVE = YES;
				CLANG_WARN_UNGUARDED_AVAILABILITY = YES_AGGRESSIVE;
				CLANG_WARN_UNREACHABLE_CODE = YES;
				CLANG_WARN__DUPLICATE_METHOD_MATCH = YES;
				COPY_PHASE_STRIP = NO;
				DEBUG_INFORMATION_FORMAT = "dwarf-with-dsym";
				ENABLE_NS_ASSERTIONS = NO;
				ENABLE_STRICT_OBJC_MSGSEND = YES;
				GCC_C_LANGUAGE_STANDARD = gnu11;
				GCC_NO_COMMON_BLOCKS = YES;
				GCC_WARN_64_TO_32_BIT_CONVERSION = YES;
				GCC_WARN_ABOUT_RETURN_TYPE = YES_ERROR;
				GCC_WARN_UNDECLARED_SELECTOR = YES;
				GCC_WARN_UNINITIALIZED_AUTOS = YES_AGGRESSIVE;
				GCC_WARN_UNUSED_FUNCTION = YES;
				GCC_WARN_UNUSED_VARIABLE = YES;
				IPHONEOS_DEPLOYMENT_TARGET = 16.4;
				MTL_ENABLE_DEBUG_INFO = NO;
				MTL_FAST_MATH = YES;
				SDKROOT = iphoneos;
				SWIFT_COMPILATION_MODE = wholemodule;
				SWIFT_OPTIMIZATION_LEVEL = "-O";
				VALIDATE_PRODUCT = YES;
			};
			name = Release;
		};
		6D1D1D452AB06E7700C156AD /* Debug */ = {
			isa = XCBuildConfiguration;
			buildSettings = {
				ASSETCATALOG_COMPILER_APPICON_NAME = AppIcon;
				ASSETCATALOG_COMPILER_GLOBAL_ACCENT_COLOR_NAME = AccentColor;
				CODE_SIGN_STYLE = Automatic;
				CURRENT_PROJECT_VERSION = 1;
				DEVELOPMENT_ASSET_PATHS = "\"STCSdkProject/Preview Content\"";
				DEVELOPMENT_TEAM = 6E9HP9DCZH;
				ENABLE_PREVIEWS = YES;
				GENERATE_INFOPLIST_FILE = YES;
				INFOPLIST_FILE = STCSdkProject/Info.plist;
				INFOPLIST_KEY_UIApplicationSceneManifest_Generation = YES;
				INFOPLIST_KEY_UIApplicationSupportsIndirectInputEvents = YES;
				INFOPLIST_KEY_UILaunchScreen_Generation = YES;
				INFOPLIST_KEY_UISupportedInterfaceOrientations_iPad = "UIInterfaceOrientationPortrait UIInterfaceOrientationPortraitUpsideDown UIInterfaceOrientationLandscapeLeft UIInterfaceOrientationLandscapeRight";
				INFOPLIST_KEY_UISupportedInterfaceOrientations_iPhone = "UIInterfaceOrientationPortrait UIInterfaceOrientationLandscapeLeft UIInterfaceOrientationLandscapeRight";
				IPHONEOS_DEPLOYMENT_TARGET = 15;
				LD_RUNPATH_SEARCH_PATHS = (
					"$(inherited)",
					"@executable_path/Frameworks",
				);
				MARKETING_VERSION = 1.0.2;
				PRODUCT_BUNDLE_IDENTIFIER = com.appsgenii.STCSdkProject;
				PRODUCT_NAME = "$(TARGET_NAME)";
				SWIFT_EMIT_LOC_STRINGS = YES;
				SWIFT_VERSION = 5.0;
				TARGETED_DEVICE_FAMILY = "1,2";
			};
			name = Debug;
		};
		6D1D1D462AB06E7700C156AD /* Release */ = {
			isa = XCBuildConfiguration;
			buildSettings = {
				ASSETCATALOG_COMPILER_APPICON_NAME = AppIcon;
				ASSETCATALOG_COMPILER_GLOBAL_ACCENT_COLOR_NAME = AccentColor;
				CODE_SIGN_STYLE = Automatic;
				CURRENT_PROJECT_VERSION = 1;
				DEVELOPMENT_ASSET_PATHS = "\"STCSdkProject/Preview Content\"";
				DEVELOPMENT_TEAM = 6E9HP9DCZH;
				ENABLE_PREVIEWS = YES;
				GENERATE_INFOPLIST_FILE = YES;
				INFOPLIST_FILE = STCSdkProject/Info.plist;
				INFOPLIST_KEY_UIApplicationSceneManifest_Generation = YES;
				INFOPLIST_KEY_UIApplicationSupportsIndirectInputEvents = YES;
				INFOPLIST_KEY_UILaunchScreen_Generation = YES;
				INFOPLIST_KEY_UISupportedInterfaceOrientations_iPad = "UIInterfaceOrientationPortrait UIInterfaceOrientationPortraitUpsideDown UIInterfaceOrientationLandscapeLeft UIInterfaceOrientationLandscapeRight";
				INFOPLIST_KEY_UISupportedInterfaceOrientations_iPhone = "UIInterfaceOrientationPortrait UIInterfaceOrientationLandscapeLeft UIInterfaceOrientationLandscapeRight";
				IPHONEOS_DEPLOYMENT_TARGET = 15;
				LD_RUNPATH_SEARCH_PATHS = (
					"$(inherited)",
					"@executable_path/Frameworks",
				);
				MARKETING_VERSION = 1.0.2;
				PRODUCT_BUNDLE_IDENTIFIER = com.appsgenii.STCSdkProject;
				PRODUCT_NAME = "$(TARGET_NAME)";
				SWIFT_EMIT_LOC_STRINGS = YES;
				SWIFT_VERSION = 5.0;
				TARGETED_DEVICE_FAMILY = "1,2";
			};
			name = Release;
		};
		6D1D1D482AB06E7700C156AD /* Debug */ = {
			isa = XCBuildConfiguration;
			buildSettings = {
				ALWAYS_EMBED_SWIFT_STANDARD_LIBRARIES = YES;
				BUNDLE_LOADER = "$(TEST_HOST)";
				CODE_SIGN_STYLE = Automatic;
				CURRENT_PROJECT_VERSION = 1;
				GENERATE_INFOPLIST_FILE = YES;
				IPHONEOS_DEPLOYMENT_TARGET = 16.4;
				MARKETING_VERSION = 1.0;
				PRODUCT_BUNDLE_IDENTIFIER = com.appsgenii.STCSdkProjectTests;
				PRODUCT_NAME = "$(TARGET_NAME)";
				SWIFT_EMIT_LOC_STRINGS = NO;
				SWIFT_VERSION = 5.0;
				TARGETED_DEVICE_FAMILY = "1,2";
				TEST_HOST = "$(BUILT_PRODUCTS_DIR)/STCSdkProject.app/$(BUNDLE_EXECUTABLE_FOLDER_PATH)/STCSdkProject";
			};
			name = Debug;
		};
		6D1D1D492AB06E7700C156AD /* Release */ = {
			isa = XCBuildConfiguration;
			buildSettings = {
				ALWAYS_EMBED_SWIFT_STANDARD_LIBRARIES = YES;
				BUNDLE_LOADER = "$(TEST_HOST)";
				CODE_SIGN_STYLE = Automatic;
				CURRENT_PROJECT_VERSION = 1;
				GENERATE_INFOPLIST_FILE = YES;
				IPHONEOS_DEPLOYMENT_TARGET = 16.4;
				MARKETING_VERSION = 1.0;
				PRODUCT_BUNDLE_IDENTIFIER = com.appsgenii.STCSdkProjectTests;
				PRODUCT_NAME = "$(TARGET_NAME)";
				SWIFT_EMIT_LOC_STRINGS = NO;
				SWIFT_VERSION = 5.0;
				TARGETED_DEVICE_FAMILY = "1,2";
				TEST_HOST = "$(BUILT_PRODUCTS_DIR)/STCSdkProject.app/$(BUNDLE_EXECUTABLE_FOLDER_PATH)/STCSdkProject";
			};
			name = Release;
		};
		6D1D1D4B2AB06E7700C156AD /* Debug */ = {
			isa = XCBuildConfiguration;
			buildSettings = {
				ALWAYS_EMBED_SWIFT_STANDARD_LIBRARIES = YES;
				CODE_SIGN_STYLE = Automatic;
				CURRENT_PROJECT_VERSION = 1;
				GENERATE_INFOPLIST_FILE = YES;
				MARKETING_VERSION = 1.0;
				PRODUCT_BUNDLE_IDENTIFIER = com.appsgenii.STCSdkProjectUITests;
				PRODUCT_NAME = "$(TARGET_NAME)";
				SWIFT_EMIT_LOC_STRINGS = NO;
				SWIFT_VERSION = 5.0;
				TARGETED_DEVICE_FAMILY = "1,2";
				TEST_TARGET_NAME = STCSdkProject;
			};
			name = Debug;
		};
		6D1D1D4C2AB06E7700C156AD /* Release */ = {
			isa = XCBuildConfiguration;
			buildSettings = {
				ALWAYS_EMBED_SWIFT_STANDARD_LIBRARIES = YES;
				CODE_SIGN_STYLE = Automatic;
				CURRENT_PROJECT_VERSION = 1;
				GENERATE_INFOPLIST_FILE = YES;
				MARKETING_VERSION = 1.0;
				PRODUCT_BUNDLE_IDENTIFIER = com.appsgenii.STCSdkProjectUITests;
				PRODUCT_NAME = "$(TARGET_NAME)";
				SWIFT_EMIT_LOC_STRINGS = NO;
				SWIFT_VERSION = 5.0;
				TARGETED_DEVICE_FAMILY = "1,2";
				TEST_TARGET_NAME = STCSdkProject;
			};
			name = Release;
		};
/* End XCBuildConfiguration section */

/* Begin XCConfigurationList section */
		6D1D1D1B2AB06E7600C156AD /* Build configuration list for PBXProject "STCSdkProject" */ = {
			isa = XCConfigurationList;
			buildConfigurations = (
				6D1D1D422AB06E7700C156AD /* Debug */,
				6D1D1D432AB06E7700C156AD /* Release */,
			);
			defaultConfigurationIsVisible = 0;
			defaultConfigurationName = Release;
		};
		6D1D1D442AB06E7700C156AD /* Build configuration list for PBXNativeTarget "STCSdkProject" */ = {
			isa = XCConfigurationList;
			buildConfigurations = (
				6D1D1D452AB06E7700C156AD /* Debug */,
				6D1D1D462AB06E7700C156AD /* Release */,
			);
			defaultConfigurationIsVisible = 0;
			defaultConfigurationName = Release;
		};
		6D1D1D472AB06E7700C156AD /* Build configuration list for PBXNativeTarget "STCSdkProjectTests" */ = {
			isa = XCConfigurationList;
			buildConfigurations = (
				6D1D1D482AB06E7700C156AD /* Debug */,
				6D1D1D492AB06E7700C156AD /* Release */,
			);
			defaultConfigurationIsVisible = 0;
			defaultConfigurationName = Release;
		};
		6D1D1D4A2AB06E7700C156AD /* Build configuration list for PBXNativeTarget "STCSdkProjectUITests" */ = {
			isa = XCConfigurationList;
			buildConfigurations = (
				6D1D1D4B2AB06E7700C156AD /* Debug */,
				6D1D1D4C2AB06E7700C156AD /* Release */,
			);
			defaultConfigurationIsVisible = 0;
			defaultConfigurationName = Release;
		};
/* End XCConfigurationList section */

/* Begin XCSwiftPackageProductDependency section */
		6DBE1ACA2AB9BCC6005417F0 /* STCCheckoutSDK */ = {
			isa = XCSwiftPackageProductDependency;
			productName = STCCheckoutSDK;
		};
/* End XCSwiftPackageProductDependency section */
	};
	rootObject = 6D1D1D182AB06E7600C156AD /* Project object */;
}
